// !$*UTF8*$!
{ archiveVersion = 1; classes = {}; objectVersion = 56; objects = {
F434D4E4866B6C4D1CD83EAC = { isa = PBXFileReference; explicitFileType = wrapper.application; path = Rankwise.app; sourceTree = BUILT_PRODUCTS_DIR; };
81B7B4A358680870C8FC4B16 = { isa = PBXFileReference; explicitFileType = "wrapper.app-extension"; path = RankwiseBroadcast.appex; sourceTree = BUILT_PRODUCTS_DIR; };
4ABED55CC5C4AEB5E75A3744 = { isa = PBXFileReference; lastKnownFileType = sourcecode.swift; path = "BroadcastExtension/SampleHandler.swift"; sourceTree = "<group>"; };
90B10A93121D82A5A805B2E2 = { isa = PBXFileReference; lastKnownFileType = sourcecode.swift; path = "RankwiseApp/CalibrationView.swift"; sourceTree = "<group>"; };
E9D847635DF2E65B823EB50B = { isa = PBXFileReference; lastKnownFileType = sourcecode.swift; path = "RankwiseApp/RankwiseApp.swift"; sourceTree = "<group>"; };
AD7EA99CDAA4827D7A48913D = { isa = PBXFileReference; lastKnownFileType = sourcecode.swift; path = "Shared/AdvisorBridge.swift"; sourceTree = "<group>"; };
BCD6E79950BB8198EE051421 = { isa = PBXFileReference; lastKnownFileType = sourcecode.swift; path = "Shared/ImageRecognition.swift"; sourceTree = "<group>"; };
DF9291BC51467B7E22200AA0 = { isa = PBXFileReference; lastKnownFileType = sourcecode.swift; path = "Shared/Models.swift"; sourceTree = "<group>"; };
01AA3C5EA5C7F8649C51154D = { isa = PBXFileReference; lastKnownFileType = sourcecode.swift; path = "Shared/SharedStore.swift"; sourceTree = "<group>"; };
606804B5277F68E0E8E9AD2E = { isa = PBXFileReference; lastKnownFileType = folder; path = Resources; sourceTree = "<group>"; };
0A3E27B8CA818264D75C8D81 = { isa = PBXGroup; children = (F434D4E4866B6C4D1CD83EAC,81B7B4A358680870C8FC4B16,); name = Products; sourceTree = "<group>"; };
4813494D137E1631BBA301D5 = { isa = PBXGroup; children = (4ABED55CC5C4AEB5E75A3744,90B10A93121D82A5A805B2E2,E9D847635DF2E65B823EB50B,AD7EA99CDAA4827D7A48913D,BCD6E79950BB8198EE051421,DF9291BC51467B7E22200AA0,01AA3C5EA5C7F8649C51154D,606804B5277F68E0E8E9AD2E,0A3E27B8CA818264D75C8D81,); sourceTree = "<group>"; };
2A6CF32BDA99961358E91608 = { isa = PBXBuildFile; fileRef = 90B10A93121D82A5A805B2E2; };
77146CA884F529780463719D = { isa = PBXBuildFile; fileRef = E9D847635DF2E65B823EB50B; };
700D01AF19DB0644A5C0EFCE = { isa = PBXBuildFile; fileRef = AD7EA99CDAA4827D7A48913D; };
302C68C4D8086B092ED4B730 = { isa = PBXBuildFile; fileRef = BCD6E79950BB8198EE051421; };
C16C093591AD15B995525D4B = { isa = PBXBuildFile; fileRef = DF9291BC51467B7E22200AA0; };
796285F8D2B9B46BB8EF28AE = { isa = PBXBuildFile; fileRef = 01AA3C5EA5C7F8649C51154D; };
20D1CA809A3C91BA180E9785 = { isa = PBXSourcesBuildPhase; buildActionMask = 2147483647; files = (2A6CF32BDA99961358E91608,77146CA884F529780463719D,700D01AF19DB0644A5C0EFCE,302C68C4D8086B092ED4B730,C16C093591AD15B995525D4B,796285F8D2B9B46BB8EF28AE,); runOnlyForDeploymentPostprocessing = 0; };
AC9AA8967ECA65CB7E9850CF = { isa = PBXBuildFile; fileRef = 606804B5277F68E0E8E9AD2E; };
05251ED3E8E63BF9D5520546 = { isa = PBXResourcesBuildPhase; buildActionMask = 2147483647; files = (AC9AA8967ECA65CB7E9850CF,); runOnlyForDeploymentPostprocessing = 0; };
525DDDFFEC0DC85F74229993 = { isa = PBXFrameworksBuildPhase; buildActionMask = 2147483647; files = (); runOnlyForDeploymentPostprocessing = 0; };
DDED414F3A6B037A8033249B = { isa = PBXBuildFile; fileRef = 81B7B4A358680870C8FC4B16; settings = { ATTRIBUTES = (RemoveHeadersOnCopy,); }; };
DD615B768CF8ACFE2ED53E52 = { isa = PBXCopyFilesBuildPhase; buildActionMask = 2147483647; dstPath = ""; dstSubfolderSpec = 13; files = (DDED414F3A6B037A8033249B,); name = "Embed App Extensions"; runOnlyForDeploymentPostprocessing = 0; };
1241936D4DD3AAD68FE7BFBD = { isa = PBXContainerItemProxy; containerPortal = 244210E48437B6556980A702; proxyType = 1; remoteGlobalIDString = 092E910AF121D49697164678; remoteInfo = RankwiseBroadcast; };
F26350DAFE3F19AABFD69AC4 = { isa = PBXTargetDependency; target = 092E910AF121D49697164678; targetProxy = 1241936D4DD3AAD68FE7BFBD; };
F28E3A1EABE87E5D39B5F7A3 = { isa = XCBuildConfiguration; buildSettings = {PRODUCT_NAME = "Rankwise"; PRODUCT_BUNDLE_IDENTIFIER = "com.example.rankwise"; INFOPLIST_FILE = "RankwiseApp/Info.plist"; CODE_SIGN_ENTITLEMENTS = "RankwiseApp/Rankwise.entitlements"; GENERATE_INFOPLIST_FILE = "NO"; SWIFT_VERSION = "5.0"; IPHONEOS_DEPLOYMENT_TARGET = "17.0"; TARGETED_DEVICE_FAMILY = "1,2"; SDKROOT = "iphoneos"; SUPPORTED_PLATFORMS = "iphoneos iphonesimulator"; CODE_SIGN_STYLE = "Automatic"; DEVELOPMENT_TEAM = ""; RANKWISE_APP_GROUP = "group.com.example.rankwise"; RANKWISE_BUNDLE_ID = "com.example.rankwise"; SWIFT_OPTIMIZATION_LEVEL = "-Onone"; SWIFT_EMIT_LOC_STRINGS = "YES"; ENABLE_USER_SCRIPT_SANDBOXING = "YES"; LD_RUNPATH_SEARCH_PATHS = "$(inherited) @executable_path/Frameworks"; SKIP_INSTALL = "NO"; SWIFT_ACTIVE_COMPILATION_CONDITIONS = "DEBUG";}; name = Debug; };
00B3C1FD2BA1F96AFFB589D3 = { isa = XCBuildConfiguration; buildSettings = {PRODUCT_NAME = "Rankwise"; PRODUCT_BUNDLE_IDENTIFIER = "com.example.rankwise"; INFOPLIST_FILE = "RankwiseApp/Info.plist"; CODE_SIGN_ENTITLEMENTS = "RankwiseApp/Rankwise.entitlements"; GENERATE_INFOPLIST_FILE = "NO"; SWIFT_VERSION = "5.0"; IPHONEOS_DEPLOYMENT_TARGET = "17.0"; TARGETED_DEVICE_FAMILY = "1,2"; SDKROOT = "iphoneos"; SUPPORTED_PLATFORMS = "iphoneos iphonesimulator"; CODE_SIGN_STYLE = "Automatic"; DEVELOPMENT_TEAM = ""; RANKWISE_APP_GROUP = "group.com.example.rankwise"; RANKWISE_BUNDLE_ID = "com.example.rankwise"; SWIFT_OPTIMIZATION_LEVEL = "-O"; SWIFT_EMIT_LOC_STRINGS = "YES"; ENABLE_USER_SCRIPT_SANDBOXING = "YES"; LD_RUNPATH_SEARCH_PATHS = "$(inherited) @executable_path/Frameworks"; SKIP_INSTALL = "NO";}; name = Release; };
760456CF52259B3BDF622AE7 = { isa = XCConfigurationList; buildConfigurations = (F28E3A1EABE87E5D39B5F7A3,00B3C1FD2BA1F96AFFB589D3,); defaultConfigurationIsVisible = 0; defaultConfigurationName = Release; };
4EE3BA8A9481E98E099A273B = { isa = PBXNativeTarget; buildConfigurationList = 760456CF52259B3BDF622AE7; buildPhases = (20D1CA809A3C91BA180E9785,525DDDFFEC0DC85F74229993,05251ED3E8E63BF9D5520546,DD615B768CF8ACFE2ED53E52,); buildRules = (); dependencies = (F26350DAFE3F19AABFD69AC4,); name = Rankwise; productName = Rankwise; productReference = F434D4E4866B6C4D1CD83EAC; productType = "com.apple.product-type.application"; };
382FA3FA01AB4E6EA00E453E = { isa = PBXBuildFile; fileRef = 4ABED55CC5C4AEB5E75A3744; };
1ABA666977CF2995D2A4EC75 = { isa = PBXBuildFile; fileRef = AD7EA99CDAA4827D7A48913D; };
823ADE46AC4634E044529AEB = { isa = PBXBuildFile; fileRef = BCD6E79950BB8198EE051421; };
BE1EC00799CE49905BE52167 = { isa = PBXBuildFile; fileRef = DF9291BC51467B7E22200AA0; };
B08A181167192141EB2BB04E = { isa = PBXBuildFile; fileRef = 01AA3C5EA5C7F8649C51154D; };
4D4DEB8A322227BBAAC84FC2 = { isa = PBXSourcesBuildPhase; buildActionMask = 2147483647; files = (382FA3FA01AB4E6EA00E453E,1ABA666977CF2995D2A4EC75,823ADE46AC4634E044529AEB,BE1EC00799CE49905BE52167,B08A181167192141EB2BB04E,); runOnlyForDeploymentPostprocessing = 0; };
47B17E8564AAEB626927D80D = { isa = PBXBuildFile; fileRef = 606804B5277F68E0E8E9AD2E; };
D1D05ABCB07A11C3FE43D88F = { isa = PBXResourcesBuildPhase; buildActionMask = 2147483647; files = (47B17E8564AAEB626927D80D,); runOnlyForDeploymentPostprocessing = 0; };
B561115613FB4428C2D96B58 = { isa = PBXFrameworksBuildPhase; buildActionMask = 2147483647; files = (); runOnlyForDeploymentPostprocessing = 0; };
712AF9542EEEDBAC511CAA6D = { isa = XCBuildConfiguration; buildSettings = {PRODUCT_NAME = "RankwiseBroadcast"; PRODUCT_BUNDLE_IDENTIFIER = "com.example.rankwise.broadcast"; INFOPLIST_FILE = "BroadcastExtension/Info.plist"; CODE_SIGN_ENTITLEMENTS = "BroadcastExtension/Broadcast.entitlements"; GENERATE_INFOPLIST_FILE = "NO"; SWIFT_VERSION = "5.0"; IPHONEOS_DEPLOYMENT_TARGET = "17.0"; TARGETED_DEVICE_FAMILY = "1,2"; SDKROOT = "iphoneos"; SUPPORTED_PLATFORMS = "iphoneos iphonesimulator"; CODE_SIGN_STYLE = "Automatic"; DEVELOPMENT_TEAM = ""; RANKWISE_APP_GROUP = "group.com.example.rankwise"; RANKWISE_BUNDLE_ID = "com.example.rankwise"; SWIFT_OPTIMIZATION_LEVEL = "-Onone"; SWIFT_EMIT_LOC_STRINGS = "YES"; ENABLE_USER_SCRIPT_SANDBOXING = "YES"; LD_RUNPATH_SEARCH_PATHS = "$(inherited) @executable_path/Frameworks @executable_path/../../Frameworks"; SKIP_INSTALL = "YES"; APPLICATION_EXTENSION_API_ONLY = "YES"; SWIFT_ACTIVE_COMPILATION_CONDITIONS = "DEBUG";}; name = Debug; };
9CA942EEC54D87C9E5BD9BD8 = { isa = XCBuildConfiguration; buildSettings = {PRODUCT_NAME = "RankwiseBroadcast"; PRODUCT_BUNDLE_IDENTIFIER = "com.example.rankwise.broadcast"; INFOPLIST_FILE = "BroadcastExtension/Info.plist"; CODE_SIGN_ENTITLEMENTS = "BroadcastExtension/Broadcast.entitlements"; GENERATE_INFOPLIST_FILE = "NO"; SWIFT_VERSION = "5.0"; IPHONEOS_DEPLOYMENT_TARGET = "17.0"; TARGETED_DEVICE_FAMILY = "1,2"; SDKROOT = "iphoneos"; SUPPORTED_PLATFORMS = "iphoneos iphonesimulator"; CODE_SIGN_STYLE = "Automatic"; DEVELOPMENT_TEAM = ""; RANKWISE_APP_GROUP = "group.com.example.rankwise"; RANKWISE_BUNDLE_ID = "com.example.rankwise"; SWIFT_OPTIMIZATION_LEVEL = "-O"; SWIFT_EMIT_LOC_STRINGS = "YES"; ENABLE_USER_SCRIPT_SANDBOXING = "YES"; LD_RUNPATH_SEARCH_PATHS = "$(inherited) @executable_path/Frameworks @executable_path/../../Frameworks"; SKIP_INSTALL = "YES"; APPLICATION_EXTENSION_API_ONLY = "YES";}; name = Release; };
E528A7865CBD211D9089D496 = { isa = XCConfigurationList; buildConfigurations = (712AF9542EEEDBAC511CAA6D,9CA942EEC54D87C9E5BD9BD8,); defaultConfigurationIsVisible = 0; defaultConfigurationName = Release; };
092E910AF121D49697164678 = { isa = PBXNativeTarget; buildConfigurationList = E528A7865CBD211D9089D496; buildPhases = (4D4DEB8A322227BBAAC84FC2,B561115613FB4428C2D96B58,D1D05ABCB07A11C3FE43D88F,); buildRules = (); dependencies = (); name = RankwiseBroadcast; productName = RankwiseBroadcast; productReference = 81B7B4A358680870C8FC4B16; productType = "com.apple.product-type.app-extension"; };
3D8D77C4200D0298341F968B = { isa = XCBuildConfiguration; buildSettings = { CLANG_ENABLE_MODULES = YES; }; name = Debug; };
96A77D206A6EFE23BD0C6124 = { isa = XCBuildConfiguration; buildSettings = { CLANG_ENABLE_MODULES = YES; }; name = Release; };
9879E227F5AD614B3D33074F = { isa = XCConfigurationList; buildConfigurations = (3D8D77C4200D0298341F968B,96A77D206A6EFE23BD0C6124,); defaultConfigurationIsVisible = 0; defaultConfigurationName = Release; };
244210E48437B6556980A702 = { isa = PBXProject; attributes = { LastUpgradeCheck = 1600; BuildIndependentTargetsInParallel = YES; }; buildConfigurationList = 9879E227F5AD614B3D33074F; compatibilityVersion = "Xcode 14.0"; developmentRegion = en; hasScannedForEncodings = 0; knownRegions = (en,Base,); mainGroup = 4813494D137E1631BBA301D5; productRefGroup = 0A3E27B8CA818264D75C8D81; projectDirPath = ""; projectRoot = ""; targets = (4EE3BA8A9481E98E099A273B,092E910AF121D49697164678,); };
}; rootObject = 244210E48437B6556980A702; }
